
Microsoft Visual Studio Solution File, Format Version 12.00
# Visual Studio Version 17
VisualStudioVersion = 17.13.35931.197 d17.13
MinimumVisualStudioVersion = 10.0.40219.1
Project("{FAE04EC0-301F-11D3-BF4B-00C04F79EFBC}") = "WebSocket-Listener-Worker", "WebSocket-Listener-Worker.csproj", "{D0BFE6D5-5700-4EA8-AAB4-6AA9FC10D79B}"
EndProject
Global
	GlobalSection(SolutionConfigurationPlatforms) = preSolution
		Debug|Any CPU = Debug|Any CPU
		Release|Any CPU = Release|Any CPU
	EndGlobalSection
	GlobalSection(ProjectConfigurationPlatforms) = postSolution
		{D0BFE6D5-5700-4EA8-AAB4-6AA9FC10D79B}.Debug|Any CPU.ActiveCfg = Debug|Any CPU
		{D0BFE6D5-5700-4EA8-AAB4-6AA9FC10D79B}.Debug|Any CPU.Build.0 = Debug|Any CPU
		{D0BFE6D5-5700-4EA8-AAB4-6AA9FC10D79B}.Release|Any CPU.ActiveCfg = Release|Any CPU
		{D0BFE6D5-5700-4EA8-AAB4-6AA9FC10D79B}.Release|Any CPU.Build.0 = Release|Any CPU
	EndGlobalSection
	GlobalSection(SolutionProperties) = preSolution
		HideSolutionNode = FALSE
	EndGlobalSection
	GlobalSection(ExtensibilityGlobals) = postSolution
		SolutionGuid = {3B0F2775-4918-4D64-B285-B12D24BD5CB4}
	EndGlobalSection
EndGlobal
